
Microsoft Visual Studio Solution File, Format Version 12.00
# Visual Studio Version 17
VisualStudioVersion = 17.7.34024.191
MinimumVisualStudioVersion = 10.0.40219.1
Project("{FAE04EC0-301F-11D3-BF4B-00C04F79EFBC}") = "Lab02", "Lab02\Lab02.csproj", "{3FA660C0-8CED-4E54-A482-B53BBD0B3919}"
EndProject
Global
	GlobalSection(SolutionConfigurationPlatforms) = preSolution
		Debug|Any CPU = Debug|Any CPU
		Release|Any CPU = Release|Any CPU
	EndGlobalSection
	GlobalSection(ProjectConfigurationPlatforms) = postSolution
		{3FA660C0-8CED-4E54-A482-B53BBD0B3919}.Debug|Any CPU.ActiveCfg = Debug|Any CPU
		{3FA660C0-8CED-4E54-A482-B53BBD0B3919}.Debug|Any CPU.Build.0 = Debug|Any CPU
		{3FA660C0-8CED-4E54-A482-B53BBD0B3919}.Release|Any CPU.ActiveCfg = Release|Any CPU
		{3FA660C0-8CED-4E54-A482-B53BBD0B3919}.Release|Any CPU.Build.0 = Release|Any CPU
	EndGlobalSection
	GlobalSection(SolutionProperties) = preSolution
		HideSolutionNode = FALSE
	EndGlobalSection
	GlobalSection(ExtensibilityGlobals) = postSolution
		SolutionGuid = {290E7179-FA9E-4DE3-8139-DB8A77EA1693}
	EndGlobalSection
EndGlobal
